
Microsoft Visual Studio Solution File, Format Version 12.00
# Visual Studio Version 17
VisualStudioVersion = 17.5.33627.172
MinimumVisualStudioVersion = 10.0.40219.1
Project("{FAE04EC0-301F-11D3-BF4B-00C04F79EFBC}") = "ApiRetry", "ApiRetry\ApiRetry.csproj", "{24CD8B03-D6F9-46EE-87F5-631B1622F6D6}"
EndProject
Project("{FAE04EC0-301F-11D3-BF4B-00C04F79EFBC}") = "ThirdPartyApi", "ThirdPartyApi\ThirdPartyApi.csproj", "{6655D199-9059-45CD-81DB-94C66EEA53F0}"
EndProject
Global
	GlobalSection(SolutionConfigurationPlatforms) = preSolution
		Debug|Any CPU = Debug|Any CPU
		Release|Any CPU = Release|Any CPU
	EndGlobalSection
	GlobalSection(ProjectConfigurationPlatforms) = postSolution
		{24CD8B03-D6F9-46EE-87F5-631B1622F6D6}.Debug|Any CPU.ActiveCfg = Debug|Any CPU
		{24CD8B03-D6F9-46EE-87F5-631B1622F6D6}.Debug|Any CPU.Build.0 = Debug|Any CPU
		{24CD8B03-D6F9-46EE-87F5-631B1622F6D6}.Release|Any CPU.ActiveCfg = Release|Any CPU
		{24CD8B03-D6F9-46EE-87F5-631B1622F6D6}.Release|Any CPU.Build.0 = Release|Any CPU
		{6655D199-9059-45CD-81DB-94C66EEA53F0}.Debug|Any CPU.ActiveCfg = Debug|Any CPU
		{6655D199-9059-45CD-81DB-94C66EEA53F0}.Debug|Any CPU.Build.0 = Debug|Any CPU
		{6655D199-9059-45CD-81DB-94C66EEA53F0}.Release|Any CPU.ActiveCfg = Release|Any CPU
		{6655D199-9059-45CD-81DB-94C66EEA53F0}.Release|Any CPU.Build.0 = Release|Any CPU
	EndGlobalSection
	GlobalSection(SolutionProperties) = preSolution
		HideSolutionNode = FALSE
	EndGlobalSection
	GlobalSection(ExtensibilityGlobals) = postSolution
		SolutionGuid = {A167F819-5B7C-45D4-A350-EB6792D7D8FE}
	EndGlobalSection
EndGlobal
